
Microsoft Visual Studio Solution File, Format Version 12.00
Project("{FAE04EC0-301F-11D3-BF4B-00C04F79EFBC}") = "LauncherAppAvalonia", "LauncherAppAvalonia\LauncherAppAvalonia.csproj", "{34192E6D-1EA1-41BF-8176-7E5CC66D48DB}"
EndProject
Global
	GlobalSection(SolutionConfigurationPlatforms) = preSolution
		Debug|Any CPU = Debug|Any CPU
		Release|Any CPU = Release|Any CPU
	EndGlobalSection
	GlobalSection(ProjectConfigurationPlatforms) = postSolution
		{34192E6D-1EA1-41BF-8176-7E5CC66D48DB}.Debug|Any CPU.ActiveCfg = Debug|Any CPU
		{34192E6D-1EA1-41BF-8176-7E5CC66D48DB}.Debug|Any CPU.Build.0 = Debug|Any CPU
		{34192E6D-1EA1-41BF-8176-7E5CC66D48DB}.Release|Any CPU.ActiveCfg = Release|Any CPU
		{34192E6D-1EA1-41BF-8176-7E5CC66D48DB}.Release|Any CPU.Build.0 = Release|Any CPU
	EndGlobalSection
EndGlobal
